// !$*UTF8*$!
{
	archiveVersion = 1;
	classes = {
	};
	objectVersion = 52;
	objects = {

/* Begin PBXBuildFile section */
		E9645E43CF7B1380FC310F19 /* Pods_ESPProvision.framework in Frameworks */ = {isa = PBXBuildFile; fileRef = 247B21F19D9AA0FB3A6A6B94 /* Pods_ESPProvision.framework */; };
		F151FF03247B1C40006F514E /* ESPProvisionTests.swift in Sources */ = {isa = PBXBuildFile; fileRef = F151FEF8247B17B3006F514E /* ESPProvisionTests.swift */; };
		F15B525828AA1794009852DB /* sec2.pb.swift in Sources */ = {isa = PBXBuildFile; fileRef = F15B525728AA1794009852DB /* sec2.pb.swift */; };
		F15B525A28AA1915009852DB /* ESPSecurity2.swift in Sources */ = {isa = PBXBuildFile; fileRef = F15B525928AA1915009852DB /* ESPSecurity2.swift */; };
		F168F2C928E0B97A00E39433 /* Comparable.swift in Sources */ = {isa = PBXBuildFile; fileRef = F168F2C828E0B97A00E39433 /* Comparable.swift */; };
		F177859C2A057F4500C3AE73 /* AESDecryptor.swift in Sources */ = {isa = PBXBuildFile; fileRef = F177859B2A057F4500C3AE73 /* AESDecryptor.swift */; };
		F17B313C28476DB50052D80F /* ESPScanStatus.swift in Sources */ = {isa = PBXBuildFile; fileRef = F17B313B28476DB50052D80F /* ESPScanStatus.swift */; };
		F183F7EF28B37ADE00CB7E86 /* AuthenticationFailure.swift in Sources */ = {isa = PBXBuildFile; fileRef = F183F7E928B37ADD00CB7E86 /* AuthenticationFailure.swift */; };
		F183F7F028B37ADE00CB7E86 /* SRP.swift in Sources */ = {isa = PBXBuildFile; fileRef = F183F7EA28B37ADD00CB7E86 /* SRP.swift */; };
		F183F7F228B37ADE00CB7E86 /* Client.swift in Sources */ = {isa = PBXBuildFile; fileRef = F183F7EC28B37ADD00CB7E86 /* Client.swift */; };
		F183F7F328B37ADE00CB7E86 /* Group.swift in Sources */ = {isa = PBXBuildFile; fileRef = F183F7ED28B37ADD00CB7E86 /* Group.swift */; };
		F183F7F428B37ADE00CB7E86 /* Data+Extensions.swift in Sources */ = {isa = PBXBuildFile; fileRef = F183F7EE28B37ADD00CB7E86 /* Data+Extensions.swift */; };
		F183F83D28B37D4D00CB7E86 /* Hashable.swift in Sources */ = {isa = PBXBuildFile; fileRef = F183F82728B37D4D00CB7E86 /* Hashable.swift */; };
		F183F83F28B37D4D00CB7E86 /* Addition.swift in Sources */ = {isa = PBXBuildFile; fileRef = F183F82928B37D4D00CB7E86 /* Addition.swift */; };
		F183F84028B37D4D00CB7E86 /* Data Conversion.swift in Sources */ = {isa = PBXBuildFile; fileRef = F183F82A28B37D4D00CB7E86 /* Data Conversion.swift */; };
		F183F84328B37D4D00CB7E86 /* Words and Bits.swift in Sources */ = {isa = PBXBuildFile; fileRef = F183F82D28B37D4D00CB7E86 /* Words and Bits.swift */; };
		F183F84528B37D4D00CB7E86 /* Division.swift in Sources */ = {isa = PBXBuildFile; fileRef = F183F82F28B37D4D00CB7E86 /* Division.swift */; };
		F183F84828B37D4D00CB7E86 /* BigUInt.swift in Sources */ = {isa = PBXBuildFile; fileRef = F183F83228B37D4D00CB7E86 /* BigUInt.swift */; };
		F183F84928B37D4D00CB7E86 /* Multiplication.swift in Sources */ = {isa = PBXBuildFile; fileRef = F183F83328B37D4D00CB7E86 /* Multiplication.swift */; };
		F183F84A28B37D4D00CB7E86 /* Exponentiation.swift in Sources */ = {isa = PBXBuildFile; fileRef = F183F83428B37D4D00CB7E86 /* Exponentiation.swift */; };
		F183F84B28B37D4D00CB7E86 /* Floating Point Conversion.swift in Sources */ = {isa = PBXBuildFile; fileRef = F183F83528B37D4D00CB7E86 /* Floating Point Conversion.swift */; };
		F183F84C28B37D4D00CB7E86 /* Shifts.swift in Sources */ = {isa = PBXBuildFile; fileRef = F183F83628B37D4D00CB7E86 /* Shifts.swift */; };
		F183F84D28B37D4D00CB7E86 /* Subtraction.swift in Sources */ = {isa = PBXBuildFile; fileRef = F183F83728B37D4D00CB7E86 /* Subtraction.swift */; };
		F183F84E28B37D4D00CB7E86 /* Integer Conversion.swift in Sources */ = {isa = PBXBuildFile; fileRef = F183F83828B37D4D00CB7E86 /* Integer Conversion.swift */; };
		F183F85028B37D4D00CB7E86 /* String Conversion.swift in Sources */ = {isa = PBXBuildFile; fileRef = F183F83A28B37D4D00CB7E86 /* String Conversion.swift */; };
		F183F85228C5F41500CB7E86 /* ESPScanResult.swift in Sources */ = {isa = PBXBuildFile; fileRef = F183F85128C5F41300CB7E86 /* ESPScanResult.swift */; };
		F183F85428C73A8D00CB7E86 /* Bitwise Ops.swift in Sources */ = {isa = PBXBuildFile; fileRef = F183F85328C73A8C00CB7E86 /* Bitwise Ops.swift */; };
		F1C34D3C245017C900340B04 /* ESPDevice.swift in Sources */ = {isa = PBXBuildFile; fileRef = F1C34D3B245017C900340B04 /* ESPDevice.swift */; };
		F1C34D402451810200340B04 /* ESPCommunicable.swift in Sources */ = {isa = PBXBuildFile; fileRef = F1C34D3F2451810200340B04 /* ESPCommunicable.swift */; };
		F1C34D4224518F3900340B04 /* ESPSoftAPTransport.swift in Sources */ = {isa = PBXBuildFile; fileRef = F1C34D4124518F3900340B04 /* ESPSoftAPTransport.swift */; };
		F1C34D4424518F4B00340B04 /* ESPBleTransport.swift in Sources */ = {isa = PBXBuildFile; fileRef = F1C34D4324518F4B00340B04 /* ESPBleTransport.swift */; };
		F1C34D462451B33100340B04 /* ESPCodeable.swift in Sources */ = {isa = PBXBuildFile; fileRef = F1C34D452451B33100340B04 /* ESPCodeable.swift */; };
		F1C34D482451F46400340B04 /* ESPSecurity0.swift in Sources */ = {isa = PBXBuildFile; fileRef = F1C34D472451F46400340B04 /* ESPSecurity0.swift */; };
		F1C34D4E2457469D00340B04 /* ESPExtensions.swift in Sources */ = {isa = PBXBuildFile; fileRef = F1C34D4D2457469D00340B04 /* ESPExtensions.swift */; };
		F1C34D502457479C00340B04 /* CryptoAES.swift in Sources */ = {isa = PBXBuildFile; fileRef = F1C34D4F2457479C00340B04 /* CryptoAES.swift */; };
		F1C34D5D24596C8500340B04 /* constants.pb.swift in Sources */ = {isa = PBXBuildFile; fileRef = F1C34D5624596C8500340B04 /* constants.pb.swift */; };
		F1C34D5E24596C8500340B04 /* wifi_config.pb.swift in Sources */ = {isa = PBXBuildFile; fileRef = F1C34D5724596C8500340B04 /* wifi_config.pb.swift */; };
		F1C34D5F24596C8500340B04 /* sec1.pb.swift in Sources */ = {isa = PBXBuildFile; fileRef = F1C34D5824596C8500340B04 /* sec1.pb.swift */; };
		F1C34D6024596C8500340B04 /* wifi_constants.pb.swift in Sources */ = {isa = PBXBuildFile; fileRef = F1C34D5924596C8500340B04 /* wifi_constants.pb.swift */; };
		F1C34D6124596C8500340B04 /* session.pb.swift in Sources */ = {isa = PBXBuildFile; fileRef = F1C34D5A24596C8500340B04 /* session.pb.swift */; };
		F1C34D6224596C8500340B04 /* sec0.pb.swift in Sources */ = {isa = PBXBuildFile; fileRef = F1C34D5B24596C8500340B04 /* sec0.pb.swift */; };
		F1C34D6324596C8500340B04 /* wifi_scan.pb.swift in Sources */ = {isa = PBXBuildFile; fileRef = F1C34D5C24596C8500340B04 /* wifi_scan.pb.swift */; };
		F1C34D6624597B8E00340B04 /* HexUtils.swift in Sources */ = {isa = PBXBuildFile; fileRef = F1C34D6524597B8E00340B04 /* HexUtils.swift */; };
		F1C34D682459B35200340B04 /* ESPWiFiManager.swift in Sources */ = {isa = PBXBuildFile; fileRef = F1C34D672459B35200340B04 /* ESPWiFiManager.swift */; };
		F1C34D6A2459B3F200340B04 /* ESPSession.swift in Sources */ = {isa = PBXBuildFile; fileRef = F1C34D692459B3F200340B04 /* ESPSession.swift */; };
		F1C34D6C2459B4B400340B04 /* ESPUtility.swift in Sources */ = {isa = PBXBuildFile; fileRef = F1C34D6B2459B4B400340B04 /* ESPUtility.swift */; };
		F1C34D6E2459B4FF00340B04 /* ESPConstants.swift in Sources */ = {isa = PBXBuildFile; fileRef = F1C34D6D2459B4FF00340B04 /* ESPConstants.swift */; };
		F1C34D702459F60900340B04 /* ESPErrors.swift in Sources */ = {isa = PBXBuildFile; fileRef = F1C34D6F2459F60900340B04 /* ESPErrors.swift */; };
		F1C34D72245C7EEB00340B04 /* ESPSecurity1.swift in Sources */ = {isa = PBXBuildFile; fileRef = F1C34D71245C7EEB00340B04 /* ESPSecurity1.swift */; };
		F1C34D76245F178E00340B04 /* ESPProvisionManager.swift in Sources */ = {isa = PBXBuildFile; fileRef = F1C34D75245F178E00340B04 /* ESPProvisionManager.swift */; };
		F1C34D78245F17B900340B04 /* ESPProvision.swift in Sources */ = {isa = PBXBuildFile; fileRef = F1C34D77245F17B900340B04 /* ESPProvision.swift */; };
		F1C34D8124618ACC00340B04 /* ESPWifiNetwork.swift in Sources */ = {isa = PBXBuildFile; fileRef = F1C34D8024618ACC00340B04 /* ESPWifiNetwork.swift */; };
		F1C34DEF24673D7300340B04 /* ESPLogging.swift in Sources */ = {isa = PBXBuildFile; fileRef = F1C34DEE24673D7100340B04 /* ESPLogging.swift */; };
/* End PBXBuildFile section */

/* Begin PBXContainerItemProxy section */
		F151FEED247B1684006F514E /* PBXContainerItemProxy */ = {
			isa = PBXContainerItemProxy;
			containerPortal = F1C34D16244EEEFF00340B04 /* Project object */;
			proxyType = 1;
			remoteGlobalIDString = F1C34D1E244EEEFF00340B04;
			remoteInfo = ESPProvision;
		};
/* End PBXContainerItemProxy section */

/* Begin PBXCopyFilesBuildPhase section */
		F1C34DCB2462E33F00340B04 /* CopyFiles */ = {
			isa = PBXCopyFilesBuildPhase;
			buildActionMask = 2147483647;
			dstPath = "";
			dstSubfolderSpec = 7;
			files = (
			);
			runOnlyForDeploymentPostprocessing = 0;
		};
/* End PBXCopyFilesBuildPhase section */

/* Begin PBXFileReference section */
		247B21F19D9AA0FB3A6A6B94 /* Pods_ESPProvision.framework */ = {isa = PBXFileReference; explicitFileType = wrapper.framework; includeInIndex = 0; path = Pods_ESPProvision.framework; sourceTree = BUILT_PRODUCTS_DIR; };
		44F8E73C277B503EAD29F630 /* Pods-ESPProvision-ESPProvisionTests.release.xcconfig */ = {isa = PBXFileReference; includeInIndex = 1; lastKnownFileType = text.xcconfig; name = "Pods-ESPProvision-ESPProvisionTests.release.xcconfig"; path = "Target Support Files/Pods-ESPProvision-ESPProvisionTests/Pods-ESPProvision-ESPProvisionTests.release.xcconfig"; sourceTree = "<group>"; };
		93F6B39AD52298DB1DAAFAAB /* Pods-ESPProvision.debug.xcconfig */ = {isa = PBXFileReference; includeInIndex = 1; lastKnownFileType = text.xcconfig; name = "Pods-ESPProvision.debug.xcconfig"; path = "Target Support Files/Pods-ESPProvision/Pods-ESPProvision.debug.xcconfig"; sourceTree = "<group>"; };
		BE27ACFD5040E40697CB0D68 /* Pods-ESPProvision-ESPProvisionTests.debug.xcconfig */ = {isa = PBXFileReference; includeInIndex = 1; lastKnownFileType = text.xcconfig; name = "Pods-ESPProvision-ESPProvisionTests.debug.xcconfig"; path = "Target Support Files/Pods-ESPProvision-ESPProvisionTests/Pods-ESPProvision-ESPProvisionTests.debug.xcconfig"; sourceTree = "<group>"; };
		D591BD3AF972AF7922FC5B53 /* Pods_ESPProvision_ESPProvisionTests.framework */ = {isa = PBXFileReference; explicitFileType = wrapper.framework; includeInIndex = 0; path = Pods_ESPProvision_ESPProvisionTests.framework; sourceTree = BUILT_PRODUCTS_DIR; };
		F151FEE7247B1684006F514E /* ESPProvisionTests.xctest */ = {isa = PBXFileReference; explicitFileType = wrapper.cfbundle; includeInIndex = 0; path = ESPProvisionTests.xctest; sourceTree = BUILT_PRODUCTS_DIR; };
		F151FEF8247B17B3006F514E /* ESPProvisionTests.swift */ = {isa = PBXFileReference; fileEncoding = 4; lastKnownFileType = sourcecode.swift; path = ESPProvisionTests.swift; sourceTree = "<group>"; };
		F151FEF9247B17B3006F514E /* Info.plist */ = {isa = PBXFileReference; fileEncoding = 4; lastKnownFileType = text.plist.xml; path = Info.plist; sourceTree = "<group>"; };
		F15B525728AA1794009852DB /* sec2.pb.swift */ = {isa = PBXFileReference; fileEncoding = 4; lastKnownFileType = sourcecode.swift; path = sec2.pb.swift; sourceTree = "<group>"; };
		F15B525928AA1915009852DB /* ESPSecurity2.swift */ = {isa = PBXFileReference; lastKnownFileType = sourcecode.swift; path = ESPSecurity2.swift; sourceTree = "<group>"; };
		F168F2C828E0B97A00E39433 /* Comparable.swift */ = {isa = PBXFileReference; fileEncoding = 4; lastKnownFileType = sourcecode.swift; path = Comparable.swift; sourceTree = "<group>"; };
		F177859B2A057F4500C3AE73 /* AESDecryptor.swift */ = {isa = PBXFileReference; fileEncoding = 4; lastKnownFileType = sourcecode.swift; path = AESDecryptor.swift; sourceTree = "<group>"; };
		F17B313B28476DB50052D80F /* ESPScanStatus.swift */ = {isa = PBXFileReference; lastKnownFileType = sourcecode.swift; path = ESPScanStatus.swift; sourceTree = "<group>"; };
		F183F7E928B37ADD00CB7E86 /* AuthenticationFailure.swift */ = {isa = PBXFileReference; fileEncoding = 4; lastKnownFileType = sourcecode.swift; path = AuthenticationFailure.swift; sourceTree = "<group>"; };
		F183F7EA28B37ADD00CB7E86 /* SRP.swift */ = {isa = PBXFileReference; fileEncoding = 4; lastKnownFileType = sourcecode.swift; path = SRP.swift; sourceTree = "<group>"; };
		F183F7EC28B37ADD00CB7E86 /* Client.swift */ = {isa = PBXFileReference; fileEncoding = 4; lastKnownFileType = sourcecode.swift; path = Client.swift; sourceTree = "<group>"; };
		F183F7ED28B37ADD00CB7E86 /* Group.swift */ = {isa = PBXFileReference; fileEncoding = 4; lastKnownFileType = sourcecode.swift; path = Group.swift; sourceTree = "<group>"; };
		F183F7EE28B37ADD00CB7E86 /* Data+Extensions.swift */ = {isa = PBXFileReference; fileEncoding = 4; lastKnownFileType = sourcecode.swift; path = "Data+Extensions.swift"; sourceTree = "<group>"; };
		F183F82728B37D4D00CB7E86 /* Hashable.swift */ = {isa = PBXFileReference; fileEncoding = 4; lastKnownFileType = sourcecode.swift; path = Hashable.swift; sourceTree = "<group>"; };
		F183F82928B37D4D00CB7E86 /* Addition.swift */ = {isa = PBXFileReference; fileEncoding = 4; lastKnownFileType = sourcecode.swift; path = Addition.swift; sourceTree = "<group>"; };
		F183F82A28B37D4D00CB7E86 /* Data Conversion.swift */ = {isa = PBXFileReference; fileEncoding = 4; lastKnownFileType = sourcecode.swift; path = "Data Conversion.swift"; sourceTree = "<group>"; };
		F183F82D28B37D4D00CB7E86 /* Words and Bits.swift */ = {isa = PBXFileReference; fileEncoding = 4; lastKnownFileType = sourcecode.swift; path = "Words and Bits.swift"; sourceTree = "<group>"; };
		F183F82F28B37D4D00CB7E86 /* Division.swift */ = {isa = PBXFileReference; fileEncoding = 4; lastKnownFileType = sourcecode.swift; path = Division.swift; sourceTree = "<group>"; };
		F183F83228B37D4D00CB7E86 /* BigUInt.swift */ = {isa = PBXFileReference; fileEncoding = 4; lastKnownFileType = sourcecode.swift; path = BigUInt.swift; sourceTree = "<group>"; };
		F183F83328B37D4D00CB7E86 /* Multiplication.swift */ = {isa = PBXFileReference; fileEncoding = 4; lastKnownFileType = sourcecode.swift; path = Multiplication.swift; sourceTree = "<group>"; };
		F183F83428B37D4D00CB7E86 /* Exponentiation.swift */ = {isa = PBXFileReference; fileEncoding = 4; lastKnownFileType = sourcecode.swift; path = Exponentiation.swift; sourceTree = "<group>"; };
		F183F83528B37D4D00CB7E86 /* Floating Point Conversion.swift */ = {isa = PBXFileReference; fileEncoding = 4; lastKnownFileType = sourcecode.swift; path = "Floating Point Conversion.swift"; sourceTree = "<group>"; };
		F183F83628B37D4D00CB7E86 /* Shifts.swift */ = {isa = PBXFileReference; fileEncoding = 4; lastKnownFileType = sourcecode.swift; path = Shifts.swift; sourceTree = "<group>"; };
		F183F83728B37D4D00CB7E86 /* Subtraction.swift */ = {isa = PBXFileReference; fileEncoding = 4; lastKnownFileType = sourcecode.swift; path = Subtraction.swift; sourceTree = "<group>"; };
		F183F83828B37D4D00CB7E86 /* Integer Conversion.swift */ = {isa = PBXFileReference; fileEncoding = 4; lastKnownFileType = sourcecode.swift; path = "Integer Conversion.swift"; sourceTree = "<group>"; };
		F183F83A28B37D4D00CB7E86 /* String Conversion.swift */ = {isa = PBXFileReference; fileEncoding = 4; lastKnownFileType = sourcecode.swift; path = "String Conversion.swift"; sourceTree = "<group>"; };
		F183F85128C5F41300CB7E86 /* ESPScanResult.swift */ = {isa = PBXFileReference; lastKnownFileType = sourcecode.swift; path = ESPScanResult.swift; sourceTree = "<group>"; };
		F183F85328C73A8C00CB7E86 /* Bitwise Ops.swift */ = {isa = PBXFileReference; fileEncoding = 4; lastKnownFileType = sourcecode.swift; path = "Bitwise Ops.swift"; sourceTree = "<group>"; };
		F1C34D1F244EEEFF00340B04 /* ESPProvision.framework */ = {isa = PBXFileReference; explicitFileType = wrapper.framework; includeInIndex = 0; path = ESPProvision.framework; sourceTree = BUILT_PRODUCTS_DIR; };
		F1C34D23244EEEFF00340B04 /* Info.plist */ = {isa = PBXFileReference; lastKnownFileType = text.plist.xml; path = Info.plist; sourceTree = "<group>"; };
		F1C34D3B245017C900340B04 /* ESPDevice.swift */ = {isa = PBXFileReference; lastKnownFileType = sourcecode.swift; path = ESPDevice.swift; sourceTree = "<group>"; };
		F1C34D3F2451810200340B04 /* ESPCommunicable.swift */ = {isa = PBXFileReference; lastKnownFileType = sourcecode.swift; path = ESPCommunicable.swift; sourceTree = "<group>"; };
		F1C34D4124518F3900340B04 /* ESPSoftAPTransport.swift */ = {isa = PBXFileReference; lastKnownFileType = sourcecode.swift; path = ESPSoftAPTransport.swift; sourceTree = "<group>"; };
		F1C34D4324518F4B00340B04 /* ESPBleTransport.swift */ = {isa = PBXFileReference; lastKnownFileType = sourcecode.swift; path = ESPBleTransport.swift; sourceTree = "<group>"; };
		F1C34D452451B33100340B04 /* ESPCodeable.swift */ = {isa = PBXFileReference; lastKnownFileType = sourcecode.swift; path = ESPCodeable.swift; sourceTree = "<group>"; };
		F1C34D472451F46400340B04 /* ESPSecurity0.swift */ = {isa = PBXFileReference; lastKnownFileType = sourcecode.swift; path = ESPSecurity0.swift; sourceTree = "<group>"; };
		F1C34D4D2457469D00340B04 /* ESPExtensions.swift */ = {isa = PBXFileReference; lastKnownFileType = sourcecode.swift; path = ESPExtensions.swift; sourceTree = "<group>"; };
		F1C34D4F2457479C00340B04 /* CryptoAES.swift */ = {isa = PBXFileReference; fileEncoding = 4; lastKnownFileType = sourcecode.swift; path = CryptoAES.swift; sourceTree = "<group>"; };
		F1C34D5624596C8500340B04 /* constants.pb.swift */ = {isa = PBXFileReference; fileEncoding = 4; lastKnownFileType = sourcecode.swift; path = constants.pb.swift; sourceTree = "<group>"; };
		F1C34D5724596C8500340B04 /* wifi_config.pb.swift */ = {isa = PBXFileReference; fileEncoding = 4; lastKnownFileType = sourcecode.swift; path = wifi_config.pb.swift; sourceTree = "<group>"; };
		F1C34D5824596C8500340B04 /* sec1.pb.swift */ = {isa = PBXFileReference; fileEncoding = 4; lastKnownFileType = sourcecode.swift; path = sec1.pb.swift; sourceTree = "<group>"; };
		F1C34D5924596C8500340B04 /* wifi_constants.pb.swift */ = {isa = PBXFileReference; fileEncoding = 4; lastKnownFileType = sourcecode.swift; path = wifi_constants.pb.swift; sourceTree = "<group>"; };
		F1C34D5A24596C8500340B04 /* session.pb.swift */ = {isa = PBXFileReference; fileEncoding = 4; lastKnownFileType = sourcecode.swift; path = session.pb.swift; sourceTree = "<group>"; };
		F1C34D5B24596C8500340B04 /* sec0.pb.swift */ = {isa = PBXFileReference; fileEncoding = 4; lastKnownFileType = sourcecode.swift; path = sec0.pb.swift; sourceTree = "<group>"; };
		F1C34D5C24596C8500340B04 /* wifi_scan.pb.swift */ = {isa = PBXFileReference; fileEncoding = 4; lastKnownFileType = sourcecode.swift; path = wifi_scan.pb.swift; sourceTree = "<group>"; };
		F1C34D6524597B8E00340B04 /* HexUtils.swift */ = {isa = PBXFileReference; fileEncoding = 4; lastKnownFileType = sourcecode.swift; path = HexUtils.swift; sourceTree = "<group>"; };
		F1C34D672459B35200340B04 /* ESPWiFiManager.swift */ = {isa = PBXFileReference; lastKnownFileType = sourcecode.swift; path = ESPWiFiManager.swift; sourceTree = "<group>"; };
		F1C34D692459B3F200340B04 /* ESPSession.swift */ = {isa = PBXFileReference; fileEncoding = 4; lastKnownFileType = sourcecode.swift; path = ESPSession.swift; sourceTree = "<group>"; };
		F1C34D6B2459B4B400340B04 /* ESPUtility.swift */ = {isa = PBXFileReference; lastKnownFileType = sourcecode.swift; path = ESPUtility.swift; sourceTree = "<group>"; };
		F1C34D6D2459B4FF00340B04 /* ESPConstants.swift */ = {isa = PBXFileReference; lastKnownFileType = sourcecode.swift; path = ESPConstants.swift; sourceTree = "<group>"; };
		F1C34D6F2459F60900340B04 /* ESPErrors.swift */ = {isa = PBXFileReference; lastKnownFileType = sourcecode.swift; path = ESPErrors.swift; sourceTree = "<group>"; };
		F1C34D71245C7EEB00340B04 /* ESPSecurity1.swift */ = {isa = PBXFileReference; lastKnownFileType = sourcecode.swift; path = ESPSecurity1.swift; sourceTree = "<group>"; };
		F1C34D75245F178E00340B04 /* ESPProvisionManager.swift */ = {isa = PBXFileReference; fileEncoding = 4; lastKnownFileType = sourcecode.swift; path = ESPProvisionManager.swift; sourceTree = "<group>"; };
		F1C34D77245F17B900340B04 /* ESPProvision.swift */ = {isa = PBXFileReference; lastKnownFileType = sourcecode.swift; path = ESPProvision.swift; sourceTree = "<group>"; };
		F1C34D8024618ACC00340B04 /* ESPWifiNetwork.swift */ = {isa = PBXFileReference; lastKnownFileType = sourcecode.swift; path = ESPWifiNetwork.swift; sourceTree = "<group>"; };
		F1C34DEE24673D7100340B04 /* ESPLogging.swift */ = {isa = PBXFileReference; lastKnownFileType = sourcecode.swift; path = ESPLogging.swift; sourceTree = "<group>"; };
		F5BA5C9A9D78D7F36EF44D27 /* Pods-ESPProvision.release.xcconfig */ = {isa = PBXFileReference; includeInIndex = 1; lastKnownFileType = text.xcconfig; name = "Pods-ESPProvision.release.xcconfig"; path = "Target Support Files/Pods-ESPProvision/Pods-ESPProvision.release.xcconfig"; sourceTree = "<group>"; };
/* End PBXFileReference section */

/* Begin PBXFrameworksBuildPhase section */
		F151FEE4247B1684006F514E /* Frameworks */ = {
			isa = PBXFrameworksBuildPhase;
			buildActionMask = 2147483647;
			files = (
			);
			runOnlyForDeploymentPostprocessing = 0;
		};
		F1C34D1C244EEEFF00340B04 /* Frameworks */ = {
			isa = PBXFrameworksBuildPhase;
			buildActionMask = 2147483647;
			files = (
				E9645E43CF7B1380FC310F19 /* Pods_ESPProvision.framework in Frameworks */,
			);
			runOnlyForDeploymentPostprocessing = 0;
		};
/* End PBXFrameworksBuildPhase section */

/* Begin PBXGroup section */
		E788B946D6509AFA326015D5 /* Frameworks */ = {
			isa = PBXGroup;
			children = (
				247B21F19D9AA0FB3A6A6B94 /* Pods_ESPProvision.framework */,
				D591BD3AF972AF7922FC5B53 /* Pods_ESPProvision_ESPProvisionTests.framework */,
			);
			name = Frameworks;
			sourceTree = "<group>";
		};
		F151FEF7247B17B3006F514E /* ESPProvisionTests */ = {
			isa = PBXGroup;
			children = (
				F151FEF8247B17B3006F514E /* ESPProvisionTests.swift */,
				F151FEF9247B17B3006F514E /* Info.plist */,
			);
			path = ESPProvisionTests;
			sourceTree = "<group>";
		};
		F15B525F28AB83EF009852DB /* Security2 */ = {
			isa = PBXGroup;
			children = (
				F15B525928AA1915009852DB /* ESPSecurity2.swift */,
				F183F82428B37D4D00CB7E86 /* BigInt */,
				F183F7E828B37ADD00CB7E86 /* SRP */,
			);
			path = Security2;
			sourceTree = "<group>";
		};
		F183F7E828B37ADD00CB7E86 /* SRP */ = {
			isa = PBXGroup;
			children = (
				F183F7E928B37ADD00CB7E86 /* AuthenticationFailure.swift */,
				F183F7EA28B37ADD00CB7E86 /* SRP.swift */,
				F183F7EC28B37ADD00CB7E86 /* Client.swift */,
				F183F7ED28B37ADD00CB7E86 /* Group.swift */,
				F183F7EE28B37ADD00CB7E86 /* Data+Extensions.swift */,
			);
			path = SRP;
			sourceTree = "<group>";
		};
		F183F82428B37D4D00CB7E86 /* BigInt */ = {
			isa = PBXGroup;
			children = (
				F183F82728B37D4D00CB7E86 /* Hashable.swift */,
				F183F85328C73A8C00CB7E86 /* Bitwise Ops.swift */,
				F183F82928B37D4D00CB7E86 /* Addition.swift */,
				F168F2C828E0B97A00E39433 /* Comparable.swift */,
				F183F82A28B37D4D00CB7E86 /* Data Conversion.swift */,
				F183F82D28B37D4D00CB7E86 /* Words and Bits.swift */,
				F183F82F28B37D4D00CB7E86 /* Division.swift */,
				F183F83228B37D4D00CB7E86 /* BigUInt.swift */,
				F183F83328B37D4D00CB7E86 /* Multiplication.swift */,
				F183F83428B37D4D00CB7E86 /* Exponentiation.swift */,
				F183F83528B37D4D00CB7E86 /* Floating Point Conversion.swift */,
				F183F83628B37D4D00CB7E86 /* Shifts.swift */,
				F183F83728B37D4D00CB7E86 /* Subtraction.swift */,
				F183F83828B37D4D00CB7E86 /* Integer Conversion.swift */,
				F183F83A28B37D4D00CB7E86 /* String Conversion.swift */,
			);
			path = BigInt;
			sourceTree = "<group>";
		};
		F1C34D15244EEEFF00340B04 = {
			isa = PBXGroup;
			children = (
				F1C34D21244EEEFF00340B04 /* ESPProvision */,
				F151FEF7247B17B3006F514E /* ESPProvisionTests */,
				F1C34D20244EEEFF00340B04 /* Products */,
				F958A4511193B309B0C83AE5 /* Pods */,
				E788B946D6509AFA326015D5 /* Frameworks */,
			);
			sourceTree = "<group>";
		};
		F1C34D20244EEEFF00340B04 /* Products */ = {
			isa = PBXGroup;
			children = (
				F1C34D1F244EEEFF00340B04 /* ESPProvision.framework */,
				F151FEE7247B1684006F514E /* ESPProvisionTests.xctest */,
			);
			name = Products;
			sourceTree = "<group>";
		};
		F1C34D21244EEEFF00340B04 /* ESPProvision */ = {
			isa = PBXGroup;
			children = (
				F1C34D7E24618A5800340B04 /* Model */,
				F1C34D6424597B5100340B04 /* Utility */,
				F1C34D552459696400340B04 /* Proto */,
				F1C34D542459679900340B04 /* Crypto */,
				F1C34D532459677300340B04 /* Transport */,
				F15B525F28AB83EF009852DB /* Security2 */,
				F1C34D23244EEEFF00340B04 /* Info.plist */,
				F1C34D75245F178E00340B04 /* ESPProvisionManager.swift */,
				F1C34D692459B3F200340B04 /* ESPSession.swift */,
				F1C34D3B245017C900340B04 /* ESPDevice.swift */,
				F1C34D672459B35200340B04 /* ESPWiFiManager.swift */,
				F1C34D77245F17B900340B04 /* ESPProvision.swift */,
			);
			path = ESPProvision;
			sourceTree = "<group>";
		};
		F1C34D532459677300340B04 /* Transport */ = {
			isa = PBXGroup;
			children = (
				F1C34D4124518F3900340B04 /* ESPSoftAPTransport.swift */,
				F1C34D3F2451810200340B04 /* ESPCommunicable.swift */,
				F1C34D4324518F4B00340B04 /* ESPBleTransport.swift */,
			);
			path = Transport;
			sourceTree = "<group>";
		};
		F1C34D542459679900340B04 /* Crypto */ = {
			isa = PBXGroup;
			children = (
				F177859B2A057F4500C3AE73 /* AESDecryptor.swift */,
				F1C34D452451B33100340B04 /* ESPCodeable.swift */,
				F1C34D472451F46400340B04 /* ESPSecurity0.swift */,
				F1C34D4F2457479C00340B04 /* CryptoAES.swift */,
				F1C34D71245C7EEB00340B04 /* ESPSecurity1.swift */,
			);
			path = Crypto;
			sourceTree = "<group>";
		};
		F1C34D552459696400340B04 /* Proto */ = {
			isa = PBXGroup;
			children = (
				F15B525728AA1794009852DB /* sec2.pb.swift */,
				F1C34D5624596C8500340B04 /* constants.pb.swift */,
				F1C34D5B24596C8500340B04 /* sec0.pb.swift */,
				F1C34D5824596C8500340B04 /* sec1.pb.swift */,
				F1C34D5A24596C8500340B04 /* session.pb.swift */,
				F1C34D5724596C8500340B04 /* wifi_config.pb.swift */,
				F1C34D5924596C8500340B04 /* wifi_constants.pb.swift */,
				F1C34D5C24596C8500340B04 /* wifi_scan.pb.swift */,
			);
			path = Proto;
			sourceTree = "<group>";
		};
		F1C34D6424597B5100340B04 /* Utility */ = {
			isa = PBXGroup;
			children = (
				F1C34D4D2457469D00340B04 /* ESPExtensions.swift */,
				F1C34D6524597B8E00340B04 /* HexUtils.swift */,
				F1C34D6B2459B4B400340B04 /* ESPUtility.swift */,
				F1C34D6D2459B4FF00340B04 /* ESPConstants.swift */,
				F1C34D6F2459F60900340B04 /* ESPErrors.swift */,
				F1C34DEE24673D7100340B04 /* ESPLogging.swift */,
			);
			path = Utility;
			sourceTree = "<group>";
		};
		F1C34D7E24618A5800340B04 /* Model */ = {
			isa = PBXGroup;
			children = (
				F1C34D8024618ACC00340B04 /* ESPWifiNetwork.swift */,
				F17B313B28476DB50052D80F /* ESPScanStatus.swift */,
				F183F85128C5F41300CB7E86 /* ESPScanResult.swift */,
			);
			path = Model;
			sourceTree = "<group>";
		};
		F958A4511193B309B0C83AE5 /* Pods */ = {
			isa = PBXGroup;
			children = (
				93F6B39AD52298DB1DAAFAAB /* Pods-ESPProvision.debug.xcconfig */,
				F5BA5C9A9D78D7F36EF44D27 /* Pods-ESPProvision.release.xcconfig */,
				BE27ACFD5040E40697CB0D68 /* Pods-ESPProvision-ESPProvisionTests.debug.xcconfig */,
				44F8E73C277B503EAD29F630 /* Pods-ESPProvision-ESPProvisionTests.release.xcconfig */,
			);
			path = Pods;
			sourceTree = "<group>";
		};
/* End PBXGroup section */

/* Begin PBXHeadersBuildPhase section */
		F1C34D1A244EEEFF00340B04 /* Headers */ = {
			isa = PBXHeadersBuildPhase;
			buildActionMask = 2147483647;
			files = (
			);
			runOnlyForDeploymentPostprocessing = 0;
		};
/* End PBXHeadersBuildPhase section */

/* Begin PBXNativeTarget section */
		F151FEE6247B1684006F514E /* ESPProvisionTests */ = {
			isa = PBXNativeTarget;
			buildConfigurationList = F151FEF1247B1684006F514E /* Build configuration list for PBXNativeTarget "ESPProvisionTests" */;
			buildPhases = (
				F151FEE3247B1684006F514E /* Sources */,
				F151FEE4247B1684006F514E /* Frameworks */,
				F151FEE5247B1684006F514E /* Resources */,
			);
			buildRules = (
			);
			dependencies = (
				F151FEEE247B1684006F514E /* PBXTargetDependency */,
			);
			name = ESPProvisionTests;
			productName = ESPProvisionTests;
			productReference = F151FEE7247B1684006F514E /* ESPProvisionTests.xctest */;
			productType = "com.apple.product-type.bundle.unit-test";
		};
		F1C34D1E244EEEFF00340B04 /* ESPProvision */ = {
			isa = PBXNativeTarget;
			buildConfigurationList = F1C34D33244EEF0000340B04 /* Build configuration list for PBXNativeTarget "ESPProvision" */;
			buildPhases = (
				11D4E191FCCD29AA06822DDD /* [CP] Check Pods Manifest.lock */,
				F1C34D1A244EEEFF00340B04 /* Headers */,
				F1C34D1B244EEEFF00340B04 /* Sources */,
				F1C34D1C244EEEFF00340B04 /* Frameworks */,
				F1C34D1D244EEEFF00340B04 /* Resources */,
				F1C34DCB2462E33F00340B04 /* CopyFiles */,
			);
			buildRules = (
			);
			dependencies = (
			);
			name = ESPProvision;
			productName = ESPProvision;
			productReference = F1C34D1F244EEEFF00340B04 /* ESPProvision.framework */;
			productType = "com.apple.product-type.framework";
		};
/* End PBXNativeTarget section */

/* Begin PBXProject section */
		F1C34D16244EEEFF00340B04 /* Project object */ = {
			isa = PBXProject;
			attributes = {
				LastSwiftUpdateCheck = 1140;
				LastUpgradeCheck = 1330;
				ORGANIZATIONNAME = Espressif;
				TargetAttributes = {
					F151FEE6247B1684006F514E = {
						CreatedOnToolsVersion = 11.4.1;
					};
					F1C34D1E244EEEFF00340B04 = {
						CreatedOnToolsVersion = 11.3;
						LastSwiftMigration = 1130;
					};
				};
			};
			buildConfigurationList = F1C34D19244EEEFF00340B04 /* Build configuration list for PBXProject "ESPProvision" */;
			compatibilityVersion = "Xcode 9.3";
			developmentRegion = en;
			hasScannedForEncodings = 0;
			knownRegions = (
				en,
				Base,
			);
			mainGroup = F1C34D15244EEEFF00340B04;
			productRefGroup = F1C34D20244EEEFF00340B04 /* Products */;
			projectDirPath = "";
			projectRoot = "";
			targets = (
				F1C34D1E244EEEFF00340B04 /* ESPProvision */,
				F151FEE6247B1684006F514E /* ESPProvisionTests */,
			);
		};
/* End PBXProject section */

/* Begin PBXResourcesBuildPhase section */
		F151FEE5247B1684006F514E /* Resources */ = {
			isa = PBXResourcesBuildPhase;
			buildActionMask = 2147483647;
			files = (
			);
			runOnlyForDeploymentPostprocessing = 0;
		};
		F1C34D1D244EEEFF00340B04 /* Resources */ = {
			isa = PBXResourcesBuildPhase;
			buildActionMask = 2147483647;
			files = (
			);
			runOnlyForDeploymentPostprocessing = 0;
		};
/* End PBXResourcesBuildPhase section */

/* Begin PBXShellScriptBuildPhase section */
		11D4E191FCCD29AA06822DDD /* [CP] Check Pods Manifest.lock */ = {
			isa = PBXShellScriptBuildPhase;
			buildActionMask = 2147483647;
			files = (
			);
			inputFileListPaths = (
			);
			inputPaths = (
				"${PODS_PODFILE_DIR_PATH}/Podfile.lock",
				"${PODS_ROOT}/Manifest.lock",
			);
			name = "[CP] Check Pods Manifest.lock";
			outputFileListPaths = (
			);
			outputPaths = (
				"$(DERIVED_FILE_DIR)/Pods-ESPProvision-checkManifestLockResult.txt",
			);
			runOnlyForDeploymentPostprocessing = 0;
			shellPath = /bin/sh;
			shellScript = "diff \"${PODS_PODFILE_DIR_PATH}/Podfile.lock\" \"${PODS_ROOT}/Manifest.lock\" > /dev/null\nif [ $? != 0 ] ; then\n    # print error to STDERR\n    echo \"error: The sandbox is not in sync with the Podfile.lock. Run 'pod install' or update your CocoaPods installation.\" >&2\n    exit 1\nfi\n# This output is used by Xcode 'outputs' to avoid re-running this script phase.\necho \"SUCCESS\" > \"${SCRIPT_OUTPUT_FILE_0}\"\n";
			showEnvVarsInLog = 0;
		};
/* End PBXShellScriptBuildPhase section */

/* Begin PBXSourcesBuildPhase section */
		F151FEE3247B1684006F514E /* Sources */ = {
			isa = PBXSourcesBuildPhase;
			buildActionMask = 2147483647;
			files = (
				F151FF03247B1C40006F514E /* ESPProvisionTests.swift in Sources */,
			);
			runOnlyForDeploymentPostprocessing = 0;
		};
		F1C34D1B244EEEFF00340B04 /* Sources */ = {
			isa = PBXSourcesBuildPhase;
			buildActionMask = 2147483647;
			files = (
				F183F7F428B37ADE00CB7E86 /* Data+Extensions.swift in Sources */,
				F183F84928B37D4D00CB7E86 /* Multiplication.swift in Sources */,
				F1C34D502457479C00340B04 /* CryptoAES.swift in Sources */,
				F1C34D76245F178E00340B04 /* ESPProvisionManager.swift in Sources */,
				F1C34D6024596C8500340B04 /* wifi_constants.pb.swift in Sources */,
				F183F84A28B37D4D00CB7E86 /* Exponentiation.swift in Sources */,
				F1C34D702459F60900340B04 /* ESPErrors.swift in Sources */,
				F1C34D5D24596C8500340B04 /* constants.pb.swift in Sources */,
				F1C34D8124618ACC00340B04 /* ESPWifiNetwork.swift in Sources */,
				F183F7F228B37ADE00CB7E86 /* Client.swift in Sources */,
				F177859C2A057F4500C3AE73 /* AESDecryptor.swift in Sources */,
				F1C34D6224596C8500340B04 /* sec0.pb.swift in Sources */,
				F1C34D3C245017C900340B04 /* ESPDevice.swift in Sources */,
				F183F84E28B37D4D00CB7E86 /* Integer Conversion.swift in Sources */,
				F183F84528B37D4D00CB7E86 /* Division.swift in Sources */,
				F183F85228C5F41500CB7E86 /* ESPScanResult.swift in Sources */,
				F183F84C28B37D4D00CB7E86 /* Shifts.swift in Sources */,
				F183F84B28B37D4D00CB7E86 /* Floating Point Conversion.swift in Sources */,
				F1C34D5F24596C8500340B04 /* sec1.pb.swift in Sources */,
				F1C34D682459B35200340B04 /* ESPWiFiManager.swift in Sources */,
				F1C34D402451810200340B04 /* ESPCommunicable.swift in Sources */,
				F1C34D6C2459B4B400340B04 /* ESPUtility.swift in Sources */,
				F183F83D28B37D4D00CB7E86 /* Hashable.swift in Sources */,
				F183F84328B37D4D00CB7E86 /* Words and Bits.swift in Sources */,
				F183F84028B37D4D00CB7E86 /* Data Conversion.swift in Sources */,
				F1C34D4424518F4B00340B04 /* ESPBleTransport.swift in Sources */,
				F1C34D78245F17B900340B04 /* ESPProvision.swift in Sources */,
				F1C34D4E2457469D00340B04 /* ESPExtensions.swift in Sources */,
				F1C34D72245C7EEB00340B04 /* ESPSecurity1.swift in Sources */,
				F183F7F028B37ADE00CB7E86 /* SRP.swift in Sources */,
				F15B525A28AA1915009852DB /* ESPSecurity2.swift in Sources */,
				F1C34D482451F46400340B04 /* ESPSecurity0.swift in Sources */,
				F1C34D4224518F3900340B04 /* ESPSoftAPTransport.swift in Sources */,
				F17B313C28476DB50052D80F /* ESPScanStatus.swift in Sources */,
				F1C34D462451B33100340B04 /* ESPCodeable.swift in Sources */,
				F183F84D28B37D4D00CB7E86 /* Subtraction.swift in Sources */,
				F183F84828B37D4D00CB7E86 /* BigUInt.swift in Sources */,
				F1C34D6E2459B4FF00340B04 /* ESPConstants.swift in Sources */,
				F183F83F28B37D4D00CB7E86 /* Addition.swift in Sources */,
				F183F7F328B37ADE00CB7E86 /* Group.swift in Sources */,
				F15B525828AA1794009852DB /* sec2.pb.swift in Sources */,
				F1C34DEF24673D7300340B04 /* ESPLogging.swift in Sources */,
				F1C34D6A2459B3F200340B04 /* ESPSession.swift in Sources */,
				F183F85428C73A8D00CB7E86 /* Bitwise Ops.swift in Sources */,
				F1C34D5E24596C8500340B04 /* wifi_config.pb.swift in Sources */,
				F168F2C928E0B97A00E39433 /* Comparable.swift in Sources */,
				F1C34D6324596C8500340B04 /* wifi_scan.pb.swift in Sources */,
				F1C34D6124596C8500340B04 /* session.pb.swift in Sources */,
				F183F7EF28B37ADE00CB7E86 /* AuthenticationFailure.swift in Sources */,
				F1C34D6624597B8E00340B04 /* HexUtils.swift in Sources */,
				F183F85028B37D4D00CB7E86 /* String Conversion.swift in Sources */,
			);
			runOnlyForDeploymentPostprocessing = 0;
		};
/* End PBXSourcesBuildPhase section */

/* Begin PBXTargetDependency section */
		F151FEEE247B1684006F514E /* PBXTargetDependency */ = {
			isa = PBXTargetDependency;
			platformFilter = ios;
			target = F1C34D1E244EEEFF00340B04 /* ESPProvision */;
			targetProxy = F151FEED247B1684006F514E /* PBXContainerItemProxy */;
		};
/* End PBXTargetDependency section */

/* Begin XCBuildConfiguration section */
		F151FEEF247B1684006F514E /* Debug */ = {
			isa = XCBuildConfiguration;
			buildSettings = {
				"CODE_SIGN_IDENTITY[sdk=macosx*]" = "-";
				CODE_SIGN_STYLE = Manual;
				DEVELOPMENT_TEAM = QWXF6GB4AV;
				INFOPLIST_FILE = ESPProvisionTests/Info.plist;
				IPHONEOS_DEPLOYMENT_TARGET = 13.0;
				LD_RUNPATH_SEARCH_PATHS = (
					"$(inherited)",
					"@executable_path/Frameworks",
					"@loader_path/Frameworks",
				);
				PRODUCT_BUNDLE_IDENTIFIER = com.espressif.ESPProvisionTests;
				PRODUCT_NAME = "$(TARGET_NAME)";
				PROVISIONING_PROFILE_SPECIFIER = "";
				"PROVISIONING_PROFILE_SPECIFIER[sdk=macosx*]" = "";
				SWIFT_VERSION = 5.0;
				TARGETED_DEVICE_FAMILY = "1,2";
			};
			name = Debug;
		};
		F151FEF0247B1684006F514E /* Release */ = {
			isa = XCBuildConfiguration;
			buildSettings = {
				"CODE_SIGN_IDENTITY[sdk=macosx*]" = "-";
				CODE_SIGN_STYLE = Manual;
				DEVELOPMENT_TEAM = QWXF6GB4AV;
				INFOPLIST_FILE = ESPProvisionTests/Info.plist;
				IPHONEOS_DEPLOYMENT_TARGET = 13.0;
				LD_RUNPATH_SEARCH_PATHS = (
					"$(inherited)",
					"@executable_path/Frameworks",
					"@loader_path/Frameworks",
				);
				PRODUCT_BUNDLE_IDENTIFIER = com.espressif.ESPProvisionTests;
				PRODUCT_NAME = "$(TARGET_NAME)";
				PROVISIONING_PROFILE_SPECIFIER = "";
				"PROVISIONING_PROFILE_SPECIFIER[sdk=macosx*]" = "";
				SWIFT_VERSION = 5.0;
				TARGETED_DEVICE_FAMILY = "1,2";
			};
			name = Release;
		};
		F1C34D31244EEF0000340B04 /* Debug */ = {
			isa = XCBuildConfiguration;
			buildSettings = {
				ALWAYS_SEARCH_USER_PATHS = NO;
				CLANG_ANALYZER_NONNULL = YES;
				CLANG_ANALYZER_NUMBER_OBJECT_CONVERSION = YES_AGGRESSIVE;
				CLANG_CXX_LANGUAGE_STANDARD = "gnu++14";
				CLANG_CXX_LIBRARY = "libc++";
				CLANG_ENABLE_MODULES = YES;
				CLANG_ENABLE_OBJC_ARC = YES;
				CLANG_ENABLE_OBJC_WEAK = YES;
				CLANG_WARN_BLOCK_CAPTURE_AUTORELEASING = YES;
				CLANG_WARN_BOOL_CONVERSION = YES;
				CLANG_WARN_COMMA = YES;
				CLANG_WARN_CONSTANT_CONVERSION = YES;
				CLANG_WARN_DEPRECATED_OBJC_IMPLEMENTATIONS = YES;
				CLANG_WARN_DIRECT_OBJC_ISA_USAGE = YES_ERROR;
				CLANG_WARN_DOCUMENTATION_COMMENTS = YES;
				CLANG_WARN_EMPTY_BODY = YES;
				CLANG_WARN_ENUM_CONVERSION = YES;
				CLANG_WARN_INFINITE_RECURSION = YES;
				CLANG_WARN_INT_CONVERSION = YES;
				CLANG_WARN_NON_LITERAL_NULL_CONVERSION = YES;
				CLANG_WARN_OBJC_IMPLICIT_RETAIN_SELF = YES;
				CLANG_WARN_OBJC_LITERAL_CONVERSION = YES;
				CLANG_WARN_OBJC_ROOT_CLASS = YES_ERROR;
				CLANG_WARN_QUOTED_INCLUDE_IN_FRAMEWORK_HEADER = YES;
				CLANG_WARN_RANGE_LOOP_ANALYSIS = YES;
				CLANG_WARN_STRICT_PROTOTYPES = YES;
				CLANG_WARN_SUSPICIOUS_MOVE = YES;
				CLANG_WARN_UNGUARDED_AVAILABILITY = YES_AGGRESSIVE;
				CLANG_WARN_UNREACHABLE_CODE = YES;
				CLANG_WARN__DUPLICATE_METHOD_MATCH = YES;
				COPY_PHASE_STRIP = NO;
				CURRENT_PROJECT_VERSION = 1;
				DEBUG_INFORMATION_FORMAT = dwarf;
				ENABLE_STRICT_OBJC_MSGSEND = YES;
				ENABLE_TESTABILITY = YES;
				GCC_C_LANGUAGE_STANDARD = gnu11;
				GCC_DYNAMIC_NO_PIC = NO;
				GCC_NO_COMMON_BLOCKS = YES;
				GCC_OPTIMIZATION_LEVEL = 0;
				GCC_PREPROCESSOR_DEFINITIONS = (
					"DEBUG=1",
					"$(inherited)",
				);
				GCC_WARN_64_TO_32_BIT_CONVERSION = YES;
				GCC_WARN_ABOUT_RETURN_TYPE = YES_ERROR;
				GCC_WARN_UNDECLARED_SELECTOR = YES;
				GCC_WARN_UNINITIALIZED_AUTOS = YES_AGGRESSIVE;
				GCC_WARN_UNUSED_FUNCTION = YES;
				GCC_WARN_UNUSED_VARIABLE = YES;
				IPHONEOS_DEPLOYMENT_TARGET = 13.0;
				MTL_ENABLE_DEBUG_INFO = INCLUDE_SOURCE;
				MTL_FAST_MATH = YES;
				ONLY_ACTIVE_ARCH = YES;
				SDKROOT = iphoneos;
				SWIFT_ACTIVE_COMPILATION_CONDITIONS = DEBUG;
				SWIFT_OPTIMIZATION_LEVEL = "-Onone";
				VERSIONING_SYSTEM = "apple-generic";
				VERSION_INFO_PREFIX = "";
			};
			name = Debug;
		};
		F1C34D32244EEF0000340B04 /* Release */ = {
			isa = XCBuildConfiguration;
			buildSettings = {
				ALWAYS_SEARCH_USER_PATHS = NO;
				CLANG_ANALYZER_NONNULL = YES;
				CLANG_ANALYZER_NUMBER_OBJECT_CONVERSION = YES_AGGRESSIVE;
				CLANG_CXX_LANGUAGE_STANDARD = "gnu++14";
				CLANG_CXX_LIBRARY = "libc++";
				CLANG_ENABLE_MODULES = YES;
				CLANG_ENABLE_OBJC_ARC = YES;
				CLANG_ENABLE_OBJC_WEAK = YES;
				CLANG_WARN_BLOCK_CAPTURE_AUTORELEASING = YES;
				CLANG_WARN_BOOL_CONVERSION = YES;
				CLANG_WARN_COMMA = YES;
				CLANG_WARN_CONSTANT_CONVERSION = YES;
				CLANG_WARN_DEPRECATED_OBJC_IMPLEMENTATIONS = YES;
				CLANG_WARN_DIRECT_OBJC_ISA_USAGE = YES_ERROR;
				CLANG_WARN_DOCUMENTATION_COMMENTS = YES;
				CLANG_WARN_EMPTY_BODY = YES;
				CLANG_WARN_ENUM_CONVERSION = YES;
				CLANG_WARN_INFINITE_RECURSION = YES;
				CLANG_WARN_INT_CONVERSION = YES;
				CLANG_WARN_NON_LITERAL_NULL_CONVERSION = YES;
				CLANG_WARN_OBJC_IMPLICIT_RETAIN_SELF = YES;
				CLANG_WARN_OBJC_LITERAL_CONVERSION = YES;
				CLANG_WARN_OBJC_ROOT_CLASS = YES_ERROR;
				CLANG_WARN_QUOTED_INCLUDE_IN_FRAMEWORK_HEADER = YES;
				CLANG_WARN_RANGE_LOOP_ANALYSIS = YES;
				CLANG_WARN_STRICT_PROTOTYPES = YES;
				CLANG_WARN_SUSPICIOUS_MOVE = YES;
				CLANG_WARN_UNGUARDED_AVAILABILITY = YES_AGGRESSIVE;
				CLANG_WARN_UNREACHABLE_CODE = YES;
				CLANG_WARN__DUPLICATE_METHOD_MATCH = YES;
				COPY_PHASE_STRIP = NO;
				CURRENT_PROJECT_VERSION = 1;
				DEBUG_INFORMATION_FORMAT = "dwarf-with-dsym";
				ENABLE_NS_ASSERTIONS = NO;
				ENABLE_STRICT_OBJC_MSGSEND = YES;
				GCC_C_LANGUAGE_STANDARD = gnu11;
				GCC_NO_COMMON_BLOCKS = YES;
				GCC_WARN_64_TO_32_BIT_CONVERSION = YES;
				GCC_WARN_ABOUT_RETURN_TYPE = YES_ERROR;
				GCC_WARN_UNDECLARED_SELECTOR = YES;
				GCC_WARN_UNINITIALIZED_AUTOS = YES_AGGRESSIVE;
				GCC_WARN_UNUSED_FUNCTION = YES;
				GCC_WARN_UNUSED_VARIABLE = YES;
				IPHONEOS_DEPLOYMENT_TARGET = 13.0;
				MTL_ENABLE_DEBUG_INFO = NO;
				MTL_FAST_MATH = YES;
				SDKROOT = iphoneos;
				SWIFT_COMPILATION_MODE = wholemodule;
				SWIFT_OPTIMIZATION_LEVEL = "-O";
				VALIDATE_PRODUCT = YES;
				VERSIONING_SYSTEM = "apple-generic";
				VERSION_INFO_PREFIX = "";
			};
			name = Release;
		};
		F1C34D34244EEF0000340B04 /* Debug */ = {
			isa = XCBuildConfiguration;
			baseConfigurationReference = 93F6B39AD52298DB1DAAFAAB /* Pods-ESPProvision.debug.xcconfig */;
			buildSettings = {
				APPLICATION_EXTENSION_API_ONLY = NO;
				CLANG_ENABLE_MODULES = YES;
				CODE_SIGN_STYLE = Automatic;
				DEFINES_MODULE = YES;
				DYLIB_COMPATIBILITY_VERSION = 1;
				DYLIB_CURRENT_VERSION = 1;
				DYLIB_INSTALL_NAME_BASE = "@rpath";
				INFOPLIST_FILE = ESPProvision/Info.plist;
				INSTALL_PATH = "$(LOCAL_LIBRARY_DIR)/Frameworks";
				IPHONEOS_DEPLOYMENT_TARGET = 13.0;
				LD_RUNPATH_SEARCH_PATHS = (
					"$(inherited)",
					"@executable_path/Frameworks",
					"@loader_path/Frameworks",
				);
				ONLY_ACTIVE_ARCH = NO;
				PRODUCT_BUNDLE_IDENTIFIER = com.espressif.ESPProvision;
				PRODUCT_NAME = "$(TARGET_NAME:c99extidentifier)";
				SKIP_INSTALL = NO;
				SUPPORTS_MACCATALYST = NO;
				SWIFT_OBJC_BRIDGING_HEADER = "";
				SWIFT_OPTIMIZATION_LEVEL = "-Onone";
				SWIFT_VERSION = 5.0;
				TARGETED_DEVICE_FAMILY = "1,2";
				VALID_ARCHS = "arm64 arm64e armv7 armv7s x86_64 i386";
			};
			name = Debug;
		};
		F1C34D35244EEF0000340B04 /* Release */ = {
			isa = XCBuildConfiguration;
			baseConfigurationReference = F5BA5C9A9D78D7F36EF44D27 /* Pods-ESPProvision.release.xcconfig */;
			buildSettings = {
				APPLICATION_EXTENSION_API_ONLY = NO;
				CLANG_ENABLE_MODULES = YES;
				CODE_SIGN_STYLE = Automatic;
				DEFINES_MODULE = YES;
				DYLIB_COMPATIBILITY_VERSION = 1;
				DYLIB_CURRENT_VERSION = 1;
				DYLIB_INSTALL_NAME_BASE = "@rpath";
				INFOPLIST_FILE = ESPProvision/Info.plist;
				INSTALL_PATH = "$(LOCAL_LIBRARY_DIR)/Frameworks";
				IPHONEOS_DEPLOYMENT_TARGET = 13.0;
				LD_RUNPATH_SEARCH_PATHS = (
					"$(inherited)",
					"@executable_path/Frameworks",
					"@loader_path/Frameworks",
				);
				ONLY_ACTIVE_ARCH = NO;
				PRODUCT_BUNDLE_IDENTIFIER = com.espressif.ESPProvision;
				PRODUCT_NAME = "$(TARGET_NAME:c99extidentifier)";
				SKIP_INSTALL = NO;
				SUPPORTS_MACCATALYST = NO;
				SWIFT_OBJC_BRIDGING_HEADER = "";
				SWIFT_VERSION = 5.0;
				TARGETED_DEVICE_FAMILY = "1,2";
				VALID_ARCHS = "arm64 arm64e armv7 armv7s x86_64 i386";
			};
			name = Release;
		};
/* End XCBuildConfiguration section */

/* Begin XCConfigurationList section */
		F151FEF1247B1684006F514E /* Build configuration list for PBXNativeTarget "ESPProvisionTests" */ = {
			isa = XCConfigurationList;
			buildConfigurations = (
				F151FEEF247B1684006F514E /* Debug */,
				F151FEF0247B1684006F514E /* Release */,
			);
			defaultConfigurationIsVisible = 0;
			defaultConfigurationName = Release;
		};
		F1C34D19244EEEFF00340B04 /* Build configuration list for PBXProject "ESPProvision" */ = {
			isa = XCConfigurationList;
			buildConfigurations = (
				F1C34D31244EEF0000340B04 /* Debug */,
				F1C34D32244EEF0000340B04 /* Release */,
			);
			defaultConfigurationIsVisible = 0;
			defaultConfigurationName = Release;
		};
		F1C34D33244EEF0000340B04 /* Build configuration list for PBXNativeTarget "ESPProvision" */ = {
			isa = XCConfigurationList;
			buildConfigurations = (
				F1C34D34244EEF0000340B04 /* Debug */,
				F1C34D35244EEF0000340B04 /* Release */,
			);
			defaultConfigurationIsVisible = 0;
			defaultConfigurationName = Release;
		};
/* End XCConfigurationList section */
	};
	rootObject = F1C34D16244EEEFF00340B04 /* Project object */;
}
