PODS:
  - Curve25519 (1.0)
  - SwiftProtobuf (1.1.1)

DEPENDENCIES:
  - Curve25519
  - SwiftProtobuf (~> 1.1.1)

SPEC REPOS:
  https://github.com/cocoapods/specs.git:
    - Curve25519
    - SwiftProtobuf

SPEC CHECKSUMS:
  Curve25519: 849314b353906cffa572125f31c2d006ce635f32
  SwiftProtobuf: 4298b0b814dd49031c3218fdfb8d42f7107c8a6d

PODFILE CHECKSUM: 25ebe244eff849f850abbe3079b01f7d8300dae1

COCOAPODS: 1.5.3
